
Microsoft Visual Studio Solution File, Format Version 12.00
# Visual Studio Version 16
VisualStudioVersion = 16.0.31515.178
MinimumVisualStudioVersion = 10.0.40219.1
Project("{FAE04EC0-301F-11D3-BF4B-00C04F79EFBC}") = "DowningM-FinalProject", "DowningM-FinalProject.csproj", "{584C1583-69D5-4B1D-96E8-1D6C79B9BE4D}"
EndProject
Project("{54435603-DBB4-11D2-8724-00A0C9A8B90C}") = "GamesDBMS", "..\GamesDBMS\GamesDBMS.vdproj", "{94DD67AE-8EA9-4282-A332-955F0C456C8D}"
EndProject
Global
	GlobalSection(SolutionConfigurationPlatforms) = preSolution
		Debug|Any CPU = Debug|Any CPU
		Release|Any CPU = Release|Any CPU
	EndGlobalSection
	GlobalSection(ProjectConfigurationPlatforms) = postSolution
		{584C1583-69D5-4B1D-96E8-1D6C79B9BE4D}.Debug|Any CPU.ActiveCfg = Debug|Any CPU
		{584C1583-69D5-4B1D-96E8-1D6C79B9BE4D}.Debug|Any CPU.Build.0 = Debug|Any CPU
		{584C1583-69D5-4B1D-96E8-1D6C79B9BE4D}.Release|Any CPU.ActiveCfg = Release|Any CPU
		{584C1583-69D5-4B1D-96E8-1D6C79B9BE4D}.Release|Any CPU.Build.0 = Release|Any CPU
		{94DD67AE-8EA9-4282-A332-955F0C456C8D}.Debug|Any CPU.ActiveCfg = Debug
		{94DD67AE-8EA9-4282-A332-955F0C456C8D}.Release|Any CPU.ActiveCfg = Release
	EndGlobalSection
	GlobalSection(SolutionProperties) = preSolution
		HideSolutionNode = FALSE
	EndGlobalSection
	GlobalSection(ExtensibilityGlobals) = postSolution
		SolutionGuid = {F42B5ABF-4B83-4246-AF31-625969E9FC3A}
	EndGlobalSection
EndGlobal
